
Microsoft Visual Studio Solution File, Format Version 12.00
# Visual Studio 2013
VisualStudioVersion = 12.0.21005.1
MinimumVisualStudioVersion = 10.0.40219.1
Project("{FAE04EC0-301F-11D3-BF4B-00C04F79EFBC}") = "Web Development Server", "WAMPy\Web Development Server.csproj", "{945F2486-7E93-49EE-B92D-9B394F15664D}"
EndProject
Project("{2150E333-8FDC-42A3-9474-1A3956D46DE8}") = "Solution Items", "Solution Items", "{6CA2E8A4-7D83-47DD-A66B-AB2E9ACDCCB9}"
EndProject
Global
	GlobalSection(SolutionConfigurationPlatforms) = preSolution
		Debug|Any CPU = Debug|Any CPU
		Release|Any CPU = Release|Any CPU
	EndGlobalSection
	GlobalSection(ProjectConfigurationPlatforms) = postSolution
		{945F2486-7E93-49EE-B92D-9B394F15664D}.Debug|Any CPU.ActiveCfg = Debug|Any CPU
		{945F2486-7E93-49EE-B92D-9B394F15664D}.Debug|Any CPU.Build.0 = Debug|Any CPU
		{945F2486-7E93-49EE-B92D-9B394F15664D}.Release|Any CPU.ActiveCfg = Release|Any CPU
		{945F2486-7E93-49EE-B92D-9B394F15664D}.Release|Any CPU.Build.0 = Release|Any CPU
	EndGlobalSection
	GlobalSection(SolutionProperties) = preSolution
		HideSolutionNode = FALSE
	EndGlobalSection
EndGlobal
